{
	"name": "medplum",
	"version": "0.0.1",
	"lockfileVersion": 2,
	"requires": true,
	"packages": {
		"": {
			"name": "medplum",
			"version": "0.0.1",
			"license": "MIT",
			"devDependencies": {
				"@types/jsrsasign": "^8.0.10",
				"@types/node": "^14.14.37",
				"jsrsasign": "^10.2.0",
				"typescript": "^4.2.4"
			},
			"peerDependencies": {
				"jsrsasign": "^10.2.0"
			}
		},
		"node_modules/@types/jsrsasign": {
			"version": "8.0.10",
			"resolved": "https://registry.npmjs.org/@types/jsrsasign/-/jsrsasign-8.0.10.tgz",
			"integrity": "sha512-TtLis3HRTt7wLfdpkDBem6vs+MbEGMsC7ob5gNYsJV40tHNAFxw00HMMsEHsg9FWduD38NtACWuSqQpXbFulUg==",
			"dev": true
		},
		"node_modules/@types/node": {
			"version": "14.14.40",
			"resolved": "https://registry.npmjs.org/@types/node/-/node-14.14.40.tgz",
			"integrity": "sha512-2HoZZGylcnz19ZSbvWhgWHqvprw1ZGHanxIrDWYykPD4CauLW4gcyLzCVfUN2kv/1t1F3CurQIdi+s1l9+XgEA==",
			"dev": true
		},
		"node_modules/jsrsasign": {
			"version": "10.2.0",
			"resolved": "https://registry.npmjs.org/jsrsasign/-/jsrsasign-10.2.0.tgz",
			"integrity": "sha512-khMrV/10U02DRzmXhjuLQjddUF39GHndaJZ/3YiiKkbyEl1T5M6EQF9nQUq0DFVCHusmd/jl8TWl4mWt+1L5hg==",
			"dev": true,
			"funding": {
				"url": "https://github.com/kjur/jsrsasign#donations"
			}
		},
		"node_modules/typescript": {
			"version": "4.2.4",
			"resolved": "https://registry.npmjs.org/typescript/-/typescript-4.2.4.tgz",
			"integrity": "sha512-V+evlYHZnQkaz8TRBuxTA92yZBPotr5H+WhQ7bD3hZUndx5tGOa1fuCgeSjxAzM1RiN5IzvadIXTVefuuwZCRg==",
			"dev": true,
			"bin": {
				"tsc": "bin/tsc",
				"tsserver": "bin/tsserver"
			},
			"engines": {
				"node": ">=4.2.0"
			}
		}
	},
	"dependencies": {
		"@types/jsrsasign": {
			"version": "8.0.10",
			"resolved": "https://registry.npmjs.org/@types/jsrsasign/-/jsrsasign-8.0.10.tgz",
			"integrity": "sha512-TtLis3HRTt7wLfdpkDBem6vs+MbEGMsC7ob5gNYsJV40tHNAFxw00HMMsEHsg9FWduD38NtACWuSqQpXbFulUg==",
			"dev": true
		},
		"@types/node": {
			"version": "14.14.40",
			"resolved": "https://registry.npmjs.org/@types/node/-/node-14.14.40.tgz",
			"integrity": "sha512-2HoZZGylcnz19ZSbvWhgWHqvprw1ZGHanxIrDWYykPD4CauLW4gcyLzCVfUN2kv/1t1F3CurQIdi+s1l9+XgEA==",
			"dev": true
		},
		"jsrsasign": {
			"version": "10.2.0",
			"resolved": "https://registry.npmjs.org/jsrsasign/-/jsrsasign-10.2.0.tgz",
			"integrity": "sha512-khMrV/10U02DRzmXhjuLQjddUF39GHndaJZ/3YiiKkbyEl1T5M6EQF9nQUq0DFVCHusmd/jl8TWl4mWt+1L5hg==",
			"dev": true
		},
		"typescript": {
			"version": "4.2.4",
			"resolved": "https://registry.npmjs.org/typescript/-/typescript-4.2.4.tgz",
			"integrity": "sha512-V+evlYHZnQkaz8TRBuxTA92yZBPotr5H+WhQ7bD3hZUndx5tGOa1fuCgeSjxAzM1RiN5IzvadIXTVefuuwZCRg==",
			"dev": true
		}
	}
}
