{
  "name": "@data2evidence/d2e-fhir-server",
  "version": "0.0.99",
  "lockfileVersion": 3,
  "requires": true,
  "packages": {
    "": {
      "name": "@data2evidence/d2e-fhir-server",
      "version": "0.0.99",
      "license": "Apache-2.0",
      "devDependencies": {
        "@trex/cli": "latest"
      }
    },
    "node_modules/@trex/as": {
      "version": "0.5.0-1767166003-b723a0c8c9bde55a78d0d1161619a5dccc0fcf1d",
      "resolved": "https://pkgs.dev.azure.com/data2evidence/d2e/_packaging/d2e/npm/registry/@trex/as/-/as-0.5.0-1767166003-b723a0c8c9bde55a78d0d1161619a5dccc0fcf1d.tgz",
      "integrity": "sha1-Tpsj/gkAgiJlzG5PSimbY4lHoso=",
      "dev": true,
      "license": "Apache-2.0"
    },
    "node_modules/@trex/circe": {
      "version": "0.0.1-1767317187-01ff2ab426dc94fb986840b50fccacdd66f2c0d3",
      "resolved": "https://pkgs.dev.azure.com/data2evidence/d2e/_packaging/d2e/npm/registry/@trex/circe/-/circe-0.0.1-1767317187-01ff2ab426dc94fb986840b50fccacdd66f2c0d3.tgz",
      "integrity": "sha1-c2kknm1/SxZv5tF5paFxGFGB6xs=",
      "dev": true,
      "license": "Apache-2.0"
    },
    "node_modules/@trex/cli": {
      "version": "0.5.0-1767317190-01ff2ab426dc94fb986840b50fccacdd66f2c0d3",
      "resolved": "https://pkgs.dev.azure.com/data2evidence/d2e/_packaging/d2e/npm/registry/@trex/cli/-/cli-0.5.0-1767317190-01ff2ab426dc94fb986840b50fccacdd66f2c0d3.tgz",
      "integrity": "sha1-GWHB3y9qCLUOV7G5H96Gd/S/58Y=",
      "dev": true,
      "hasInstallScript": true,
      "license": "MIT",
      "dependencies": {
        "@trex/as": "latest",
        "@trex/circe": "latest",
        "@trex/hana": "latest",
        "@trex/pgwire": "latest",
        "@trex/tpm": "latest"
      },
      "bin": {
        "tbuild": "bin/tbuild",
        "trex": "bin/trex"
      }
    },
    "node_modules/@trex/hana": {
      "version": "0.5.0-1767317191-01ff2ab426dc94fb986840b50fccacdd66f2c0d3",
      "resolved": "https://pkgs.dev.azure.com/data2evidence/d2e/_packaging/d2e/npm/registry/@trex/hana/-/hana-0.5.0-1767317191-01ff2ab426dc94fb986840b50fccacdd66f2c0d3.tgz",
      "integrity": "sha1-rtvGTylvWOv34FriYPNdooNMW/4=",
      "dev": true,
      "license": "Apache-2.0"
    },
    "node_modules/@trex/pgwire": {
      "version": "0.5.0-1767317188-01ff2ab426dc94fb986840b50fccacdd66f2c0d3",
      "resolved": "https://pkgs.dev.azure.com/data2evidence/d2e/_packaging/d2e/npm/registry/@trex/pgwire/-/pgwire-0.5.0-1767317188-01ff2ab426dc94fb986840b50fccacdd66f2c0d3.tgz",
      "integrity": "sha1-Ed2lRX5NxPNhnhZND5tsAm0dSCA=",
      "dev": true,
      "license": "Apache-2.0"
    },
    "node_modules/@trex/tpm": {
      "version": "0.5.0-1767317187-01ff2ab426dc94fb986840b50fccacdd66f2c0d3",
      "resolved": "https://pkgs.dev.azure.com/data2evidence/d2e/_packaging/d2e/npm/registry/@trex/tpm/-/tpm-0.5.0-1767317187-01ff2ab426dc94fb986840b50fccacdd66f2c0d3.tgz",
      "integrity": "sha1-wNfXsZ/gqvbCFDUXKKC8zAuKQPM=",
      "dev": true,
      "license": "Apache-2.0"
    }
  }
}